
Microsoft Visual Studio Solution File, Format Version 12.00
# Visual Studio Version 17
VisualStudioVersion = 17.6.33815.320
MinimumVisualStudioVersion = 10.0.40219.1
Project("{FAE04EC0-301F-11D3-BF4B-00C04F79EFBC}") = "ProyectoTaller2", "ProyectoTaller2\ProyectoTaller2.csproj", "{0983358E-16F1-4998-903C-9DBF6CD8124E}"
EndProject
Global
	GlobalSection(SolutionConfigurationPlatforms) = preSolution
		Debug|Any CPU = Debug|Any CPU
		Release|Any CPU = Release|Any CPU
	EndGlobalSection
	GlobalSection(ProjectConfigurationPlatforms) = postSolution
		{0983358E-16F1-4998-903C-9DBF6CD8124E}.Debug|Any CPU.ActiveCfg = Debug|Any CPU
		{0983358E-16F1-4998-903C-9DBF6CD8124E}.Debug|Any CPU.Build.0 = Debug|Any CPU
		{0983358E-16F1-4998-903C-9DBF6CD8124E}.Release|Any CPU.ActiveCfg = Release|Any CPU
		{0983358E-16F1-4998-903C-9DBF6CD8124E}.Release|Any CPU.Build.0 = Release|Any CPU
	EndGlobalSection
	GlobalSection(SolutionProperties) = preSolution
		HideSolutionNode = FALSE
	EndGlobalSection
	GlobalSection(ExtensibilityGlobals) = postSolution
		SolutionGuid = {41022316-F175-4939-836A-47162F613E05}
	EndGlobalSection
EndGlobal
